# THIS IS AN AUTOGENERATED FILE. DO NOT EDIT THIS FILE DIRECTLY.
# yarn lockfile v1


"@types/module-alias@^2.0.1":
  version "2.0.1"
  resolved "https://registry.yarnpkg.com/@types/module-alias/-/module-alias-2.0.1.tgz#e5893236ce922152d57c5f3f978f764f4deeb45f"
  integrity sha512-DN/CCT1HQG6HquBNJdLkvV+4v5l/oEuwOHUPLxI+Eub0NED+lk0YUfba04WGH90EINiUrNgClkNnwGmbICeWMQ==

"@types/node@^18.15.0":
  version "18.15.0"
  resolved "https://registry.yarnpkg.com/@types/node/-/node-18.15.0.tgz#286a65e3fdffd691e170541e6ecb0410b16a38be"
  integrity sha512-z6nr0TTEOBGkzLGmbypWOGnpSpSIBorEhC4L+4HeQ2iezKCi4f77kyslRwvHeNitymGQ+oFyIWGP96l/DPSV9w==

balanced-match@^1.0.0:
  version "1.0.2"
  resolved "https://registry.yarnpkg.com/balanced-match/-/balanced-match-1.0.2.tgz#e83e3a7e3f300b34cb9d87f615fa0cbf357690ee"
  integrity sha512-3oSeUO0TMV67hN1AmbXsK4yaqU7tjiHlbxRDZOpH0KW9+CeX4bRAaX0Anxt0tx2MrpRpWwQaPwIlISEJhYU5Pw==

brace-expansion@^2.0.1:
  version "2.0.1"
  resolved "https://registry.yarnpkg.com/brace-expansion/-/brace-expansion-2.0.1.tgz#1edc459e0f0c548486ecf9fc99f2221364b9a0ae"
  integrity sha512-XnAIvQ8eM+kC6aULx6wuQiwVsnzsi9d3WxzV3FpWTGA19F621kwdbsAcFKXgKUHZWsy+mY6iL1sHTxWEFCytDA==
  dependencies:
    balanced-match "^1.0.0"

fs.realpath@^1.0.0:
  version "1.0.0"
  resolved "https://registry.yarnpkg.com/fs.realpath/-/fs.realpath-1.0.0.tgz#1504ad2523158caa40db4a2787cb01411994ea4f"
  integrity sha512-OO0pH2lK6a0hZnAdau5ItzHPI6pUlvI7jMVnxUQRtw4owF2wk8lOSabtGDCTP4Ggrg2MbGnWO9X8K1t4+fGMDw==

glob@^9.2.0:
  version "9.2.1"
  resolved "https://registry.yarnpkg.com/glob/-/glob-9.2.1.tgz#f47e34e1119e7d4f93a546e75851ba1f1e68de50"
  integrity sha512-Pxxgq3W0HyA3XUvSXcFhRSs+43Jsx0ddxcFrbjxNGkL2Ak5BAUBxLqI5G6ADDeCHLfzzXFhe0b1yYcctGmytMA==
  dependencies:
    fs.realpath "^1.0.0"
    minimatch "^7.4.1"
    minipass "^4.2.4"
    path-scurry "^1.6.1"

lru-cache@^7.14.1:
  version "7.18.3"
  resolved "https://registry.yarnpkg.com/lru-cache/-/lru-cache-7.18.3.tgz#f793896e0fd0e954a59dfdd82f0773808df6aa89"
  integrity sha512-jumlc0BIUrS3qJGgIkWZsyfAM7NCWiBcCDhnd+3NNM5KbBmLTgHVfWBcg6W+rLUsIpzpERPsvwUP7CckAQSOoA==

minimatch@^7.4.1:
  version "7.4.2"
  resolved "https://registry.yarnpkg.com/minimatch/-/minimatch-7.4.2.tgz#157e847d79ca671054253b840656720cb733f10f"
  integrity sha512-xy4q7wou3vUoC9k1xGTXc+awNdGaGVHtFUaey8tiX4H1QRc04DZ/rmDFwNm2EBsuYEhAZ6SgMmYf3InGY6OauA==
  dependencies:
    brace-expansion "^2.0.1"

minipass@^4.0.2, minipass@^4.2.4:
  version "4.2.4"
  resolved "https://registry.yarnpkg.com/minipass/-/minipass-4.2.4.tgz#7d0d97434b6a19f59c5c3221698b48bbf3b2cd06"
  integrity sha512-lwycX3cBMTvcejsHITUgYj6Gy6A7Nh4Q6h9NP4sTHY1ccJlC7yKzDmiShEHsJ16Jf1nKGDEaiHxiltsJEvk0nQ==

module-alias@^2.2.2:
  version "2.2.2"
  resolved "https://registry.yarnpkg.com/module-alias/-/module-alias-2.2.2.tgz#151cdcecc24e25739ff0aa6e51e1c5716974c0e0"
  integrity sha512-A/78XjoX2EmNvppVWEhM2oGk3x4lLxnkEA4jTbaK97QKSDjkIoOsKQlfylt/d3kKKi596Qy3NP5XrXJ6fZIC9Q==

path-scurry@^1.6.1:
  version "1.6.1"
  resolved "https://registry.yarnpkg.com/path-scurry/-/path-scurry-1.6.1.tgz#dab45f7bb1d3f45a0e271ab258999f4ab7e23132"
  integrity sha512-OW+5s+7cw6253Q4E+8qQ/u1fVvcJQCJo/VFD8pje+dbJCF1n5ZRMV2AEHbGp+5Q7jxQIYJxkHopnj6nzdGeZLA==
  dependencies:
    lru-cache "^7.14.1"
    minipass "^4.0.2"

rimraf@^4.4.0:
  version "4.4.0"
  resolved "https://registry.yarnpkg.com/rimraf/-/rimraf-4.4.0.tgz#c7a9f45bb2ec058d2e60ef9aca5167974313d605"
  integrity sha512-X36S+qpCUR0HjXlkDe4NAOhS//aHH0Z+h8Ckf2auGJk3PTnx5rLmrHkwNdbVQuCSUhOyFrlRvFEllZOYE+yZGQ==
  dependencies:
    glob "^9.2.0"

typescript@^4.9.5:
  version "4.9.5"
  resolved "https://registry.yarnpkg.com/typescript/-/typescript-4.9.5.tgz#095979f9bcc0d09da324d58d03ce8f8374cbe65a"
  integrity sha512-1FXk9E2Hm+QzZQ7z+McJiHL4NW1F2EzMu9Nq9i3zAaGqibafqYwCVU6WyWAuyQRRzOlxou8xZSyXLEN8oKj24g==
